{
  "version": "3",
  "packages": {
    "specifiers": {
      "jsr:@std/cli@^1.0.3": "jsr:@std/cli@1.0.3",
      "jsr:@std/datetime@^0.224.4": "jsr:@std/datetime@0.224.4",
      "jsr:@std/path@^1.0.2": "jsr:@std/path@1.0.2",
      "npm:@types/node": "npm:@types/node@18.16.19",
      "npm:ip": "npm:ip@2.0.1",
      "npm:lodash-es": "npm:lodash-es@4.17.21",
      "npm:ms": "npm:ms@2.1.3",
      "npm:ora": "npm:ora@8.0.1",
      "npm:p-limit": "npm:p-limit@6.1.0",
      "npm:ping": "npm:ping@0.4.4",
      "npm:table": "npm:table@6.8.2"
    },
    "jsr": {
      "@std/cli@1.0.3": {
        "integrity": "9a0488b5d2e58d29dce106a941eecec7181fae996bf0d2225563f1ca7e4b100c"
      },
      "@std/datetime@0.224.4": {
        "integrity": "d8f4d9efbb38dd9f8d515e4eed36737ec097311aaf6c1b4163d7a734095542dc"
      },
      "@std/path@1.0.2": {
        "integrity": "a452174603f8c620bd278a380c596437a9eef50c891c64b85812f735245d9ec7"
      }
    },
    "npm": {
      "@types/node@18.16.19": {
        "integrity": "sha512-IXl7o+R9iti9eBW4Wg2hx1xQDig183jj7YLn8F7udNceyfkbn1ZxmzZXuak20gR40D7pIkIY1kYGx5VIGbaHKA==",
        "dependencies": {}
      },
      "ajv@8.17.1": {
        "integrity": "sha512-B/gBuNg5SiMTrPkC+A2+cW0RszwxYmn6VYxB/inlBStS5nx6xHIt/ehKRhIMhqusl7a8LjQoZnjCs5vhwxOQ1g==",
        "dependencies": {
          "fast-deep-equal": "fast-deep-equal@3.1.3",
          "fast-uri": "fast-uri@3.0.1",
          "json-schema-traverse": "json-schema-traverse@1.0.0",
          "require-from-string": "require-from-string@2.0.2"
        }
      },
      "ansi-regex@5.0.1": {
        "integrity": "sha512-quJQXlTSUGL2LH9SUXo8VwsY4soanhgo6LNSm84E1LBcE8s3O0wpdiRzyR9z/ZZJMlMWv37qOOb9pdJlMUEKFQ==",
        "dependencies": {}
      },
      "ansi-regex@6.0.1": {
        "integrity": "sha512-n5M855fKb2SsfMIiFFoVrABHJC8QtHwVx+mHWP3QcEqBHYienj5dHSgjbxtC0WEZXYt4wcD6zrQElDPhFuZgfA==",
        "dependencies": {}
      },
      "ansi-styles@4.3.0": {
        "integrity": "sha512-zbB9rCJAT1rbjiVDb2hqKFHNYLxgtk8NURxZ3IZwD3F6NtxbXZQCnnSi1Lkx+IDohdPlFp222wVALIheZJQSEg==",
        "dependencies": {
          "color-convert": "color-convert@2.0.1"
        }
      },
      "astral-regex@2.0.0": {
        "integrity": "sha512-Z7tMw1ytTXt5jqMcOP+OQteU1VuNK9Y02uuJtKQ1Sv69jXQKKg5cibLwGJow8yzZP+eAc18EmLGPal0bp36rvQ==",
        "dependencies": {}
      },
      "chalk@5.3.0": {
        "integrity": "sha512-dLitG79d+GV1Nb/VYcCDFivJeK1hiukt9QjRNVOsUtTy1rR1YJsmpGGTZ3qJos+uw7WmWF4wUwBd9jxjocFC2w==",
        "dependencies": {}
      },
      "cli-cursor@4.0.0": {
        "integrity": "sha512-VGtlMu3x/4DOtIUwEkRezxUZ2lBacNJCHash0N0WeZDBS+7Ux1dm3XWAgWYxLJFMMdOeXMHXorshEFhbMSGelg==",
        "dependencies": {
          "restore-cursor": "restore-cursor@4.0.0"
        }
      },
      "cli-spinners@2.9.2": {
        "integrity": "sha512-ywqV+5MmyL4E7ybXgKys4DugZbX0FC6LnwrhjuykIjnK9k8OQacQ7axGKnjDXWNhns0xot3bZI5h55H8yo9cJg==",
        "dependencies": {}
      },
      "color-convert@2.0.1": {
        "integrity": "sha512-RRECPsj7iu/xb5oKYcsFHSppFNnsj/52OVTRKb4zP5onXwVF3zVmmToNcOfGC+CRDpfK/U584fMg38ZHCaElKQ==",
        "dependencies": {
          "color-name": "color-name@1.1.4"
        }
      },
      "color-name@1.1.4": {
        "integrity": "sha512-dOy+3AuW3a2wNbZHIuMZpTcgjGuLU/uBL/ubcZF9OXbDo8ff4O8yVp5Bf0efS8uEoYo5q4Fx7dY9OgQGXgAsQA==",
        "dependencies": {}
      },
      "emoji-regex@10.3.0": {
        "integrity": "sha512-QpLs9D9v9kArv4lfDEgg1X/gN5XLnf/A6l9cs8SPZLRZR3ZkY9+kwIQTxm+fsSej5UMYGE8fdoaZVIBlqG0XTw==",
        "dependencies": {}
      },
      "emoji-regex@8.0.0": {
        "integrity": "sha512-MSjYzcWNOA0ewAHpz0MxpYFvwg6yjy1NG3xteoqz644VCo/RPgnr1/GGt+ic3iJTzQ8Eu3TdM14SawnVUmGE6A==",
        "dependencies": {}
      },
      "fast-deep-equal@3.1.3": {
        "integrity": "sha512-f3qQ9oQy9j2AhBe/H9VC91wLmKBCCU/gDOnKNAYG5hswO7BLKj09Hc5HYNz9cGI++xlpDCIgDaitVs03ATR84Q==",
        "dependencies": {}
      },
      "fast-uri@3.0.1": {
        "integrity": "sha512-MWipKbbYiYI0UC7cl8m/i/IWTqfC8YXsqjzybjddLsFjStroQzsHXkc73JutMvBiXmOvapk+axIl79ig5t55Bw==",
        "dependencies": {}
      },
      "get-east-asian-width@1.2.0": {
        "integrity": "sha512-2nk+7SIVb14QrgXFHcm84tD4bKQz0RxPuMT8Ag5KPOq7J5fEmAg0UbXdTOSHqNuHSU28k55qnceesxXRZGzKWA==",
        "dependencies": {}
      },
      "ip@2.0.1": {
        "integrity": "sha512-lJUL9imLTNi1ZfXT+DU6rBBdbiKGBuay9B6xGSPVjUeQwaH1RIGqef8RZkUtHioLmSNpPR5M4HVKJGm1j8FWVQ==",
        "dependencies": {}
      },
      "is-fullwidth-code-point@3.0.0": {
        "integrity": "sha512-zymm5+u+sCsSWyD9qNaejV3DFvhCKclKdizYaJUuHA83RLjb7nSuGnddCHGv0hk+KY7BMAlsWeK4Ueg6EV6XQg==",
        "dependencies": {}
      },
      "is-interactive@2.0.0": {
        "integrity": "sha512-qP1vozQRI+BMOPcjFzrjXuQvdak2pHNUMZoeG2eRbiSqyvbEf/wQtEOTOX1guk6E3t36RkaqiSt8A/6YElNxLQ==",
        "dependencies": {}
      },
      "is-unicode-supported@1.3.0": {
        "integrity": "sha512-43r2mRvz+8JRIKnWJ+3j8JtjRKZ6GmjzfaE/qiBJnikNnYv/6bagRJ1kUhNk8R5EX/GkobD+r+sfxCPJsiKBLQ==",
        "dependencies": {}
      },
      "is-unicode-supported@2.0.0": {
        "integrity": "sha512-FRdAyx5lusK1iHG0TWpVtk9+1i+GjrzRffhDg4ovQ7mcidMQ6mj+MhKPmvh7Xwyv5gIS06ns49CA7Sqg7lC22Q==",
        "dependencies": {}
      },
      "json-schema-traverse@1.0.0": {
        "integrity": "sha512-NM8/P9n3XjXhIZn1lLhkFaACTOURQXjWhV4BA/RnOv8xvgqtqpAX9IO4mRQxSx1Rlo4tqzeqb0sOlruaOy3dug==",
        "dependencies": {}
      },
      "lodash-es@4.17.21": {
        "integrity": "sha512-mKnC+QJ9pWVzv+C4/U3rRsHapFfHvQFoFB92e52xeyGMcX6/OlIl78je1u8vePzYZSkkogMPJ2yjxxsb89cxyw==",
        "dependencies": {}
      },
      "lodash.truncate@4.4.2": {
        "integrity": "sha512-jttmRe7bRse52OsWIMDLaXxWqRAmtIUccAQ3garviCqJjafXOfNMO0yMfNpdD6zbGaTU0P5Nz7e7gAT6cKmJRw==",
        "dependencies": {}
      },
      "log-symbols@6.0.0": {
        "integrity": "sha512-i24m8rpwhmPIS4zscNzK6MSEhk0DUWa/8iYQWxhffV8jkI4Phvs3F+quL5xvS0gdQR0FyTCMMH33Y78dDTzzIw==",
        "dependencies": {
          "chalk": "chalk@5.3.0",
          "is-unicode-supported": "is-unicode-supported@1.3.0"
        }
      },
      "mimic-fn@2.1.0": {
        "integrity": "sha512-OqbOk5oEQeAZ8WXWydlu9HJjz9WVdEIvamMCcXmuqUYjTknH/sqsWvhQ3vgwKFRR1HpjvNBKQ37nbJgYzGqGcg==",
        "dependencies": {}
      },
      "ms@2.1.3": {
        "integrity": "sha512-6FlzubTLZG3J2a/NVCAleEhjzq5oxgHyaCU9yYXvcLsvoVaHJq/s5xXI6/XXP6tz7R9xAOtHnSO/tXtF3WRTlA==",
        "dependencies": {}
      },
      "onetime@5.1.2": {
        "integrity": "sha512-kbpaSSGJTWdAY5KPVeMOKXSrPtr8C8C7wodJbcsd51jRnmD+GZu8Y0VoU6Dm5Z4vWr0Ig/1NKuWRKf7j5aaYSg==",
        "dependencies": {
          "mimic-fn": "mimic-fn@2.1.0"
        }
      },
      "ora@8.0.1": {
        "integrity": "sha512-ANIvzobt1rls2BDny5fWZ3ZVKyD6nscLvfFRpQgfWsythlcsVUC9kL0zq6j2Z5z9wwp1kd7wpsD/T9qNPVLCaQ==",
        "dependencies": {
          "chalk": "chalk@5.3.0",
          "cli-cursor": "cli-cursor@4.0.0",
          "cli-spinners": "cli-spinners@2.9.2",
          "is-interactive": "is-interactive@2.0.0",
          "is-unicode-supported": "is-unicode-supported@2.0.0",
          "log-symbols": "log-symbols@6.0.0",
          "stdin-discarder": "stdin-discarder@0.2.2",
          "string-width": "string-width@7.2.0",
          "strip-ansi": "strip-ansi@7.1.0"
        }
      },
      "p-limit@6.1.0": {
        "integrity": "sha512-H0jc0q1vOzlEk0TqAKXKZxdl7kX3OFUzCnNVUnq5Pc3DGo0kpeaMuPqxQn235HibwBEb0/pm9dgKTjXy66fBkg==",
        "dependencies": {
          "yocto-queue": "yocto-queue@1.1.1"
        }
      },
      "ping@0.4.4": {
        "integrity": "sha512-56ZMC0j7SCsMMLdOoUg12VZCfj/+ZO+yfOSjaNCRrmZZr6GLbN2X/Ui56T15dI8NhiHckaw5X2pvyfAomanwqQ==",
        "dependencies": {}
      },
      "require-from-string@2.0.2": {
        "integrity": "sha512-Xf0nWe6RseziFMu+Ap9biiUbmplq6S9/p+7w7YXP/JBHhrUDDUhwa+vANyubuqfZWTveU//DYVGsDG7RKL/vEw==",
        "dependencies": {}
      },
      "restore-cursor@4.0.0": {
        "integrity": "sha512-I9fPXU9geO9bHOt9pHHOhOkYerIMsmVaWB0rA2AI9ERh/+x/i7MV5HKBNrg+ljO5eoPVgCcnFuRjJ9uH6I/3eg==",
        "dependencies": {
          "onetime": "onetime@5.1.2",
          "signal-exit": "signal-exit@3.0.7"
        }
      },
      "signal-exit@3.0.7": {
        "integrity": "sha512-wnD2ZE+l+SPC/uoS0vXeE9L1+0wuaMqKlfz9AMUo38JsyLSBWSFcHR1Rri62LZc12vLr1gb3jl7iwQhgwpAbGQ==",
        "dependencies": {}
      },
      "slice-ansi@4.0.0": {
        "integrity": "sha512-qMCMfhY040cVHT43K9BFygqYbUPFZKHOg7K73mtTWJRb8pyP3fzf4Ixd5SzdEJQ6MRUg/WBnOLxghZtKKurENQ==",
        "dependencies": {
          "ansi-styles": "ansi-styles@4.3.0",
          "astral-regex": "astral-regex@2.0.0",
          "is-fullwidth-code-point": "is-fullwidth-code-point@3.0.0"
        }
      },
      "stdin-discarder@0.2.2": {
        "integrity": "sha512-UhDfHmA92YAlNnCfhmq0VeNL5bDbiZGg7sZ2IvPsXubGkiNa9EC+tUTsjBRsYUAz87btI6/1wf4XoVvQ3uRnmQ==",
        "dependencies": {}
      },
      "string-width@4.2.3": {
        "integrity": "sha512-wKyQRQpjJ0sIp62ErSZdGsjMJWsap5oRNihHhu6G7JVO/9jIB6UyevL+tXuOqrng8j/cxKTWyWUwvSTriiZz/g==",
        "dependencies": {
          "emoji-regex": "emoji-regex@8.0.0",
          "is-fullwidth-code-point": "is-fullwidth-code-point@3.0.0",
          "strip-ansi": "strip-ansi@6.0.1"
        }
      },
      "string-width@7.2.0": {
        "integrity": "sha512-tsaTIkKW9b4N+AEj+SVA+WhJzV7/zMhcSu78mLKWSk7cXMOSHsBKFWUs0fWwq8QyK3MgJBQRX6Gbi4kYbdvGkQ==",
        "dependencies": {
          "emoji-regex": "emoji-regex@10.3.0",
          "get-east-asian-width": "get-east-asian-width@1.2.0",
          "strip-ansi": "strip-ansi@7.1.0"
        }
      },
      "strip-ansi@6.0.1": {
        "integrity": "sha512-Y38VPSHcqkFrCpFnQ9vuSXmquuv5oXOKpGeT6aGrr3o3Gc9AlVa6JBfUSOCnbxGGZF+/0ooI7KrPuUSztUdU5A==",
        "dependencies": {
          "ansi-regex": "ansi-regex@5.0.1"
        }
      },
      "strip-ansi@7.1.0": {
        "integrity": "sha512-iq6eVVI64nQQTRYq2KtEg2d2uU7LElhTJwsH4YzIHZshxlgZms/wIc4VoDQTlG/IvVIrBKG06CrZnp0qv7hkcQ==",
        "dependencies": {
          "ansi-regex": "ansi-regex@6.0.1"
        }
      },
      "table@6.8.2": {
        "integrity": "sha512-w2sfv80nrAh2VCbqR5AK27wswXhqcck2AhfnNW76beQXskGZ1V12GwS//yYVa3d3fcvAip2OUnbDAjW2k3v9fA==",
        "dependencies": {
          "ajv": "ajv@8.17.1",
          "lodash.truncate": "lodash.truncate@4.4.2",
          "slice-ansi": "slice-ansi@4.0.0",
          "string-width": "string-width@4.2.3",
          "strip-ansi": "strip-ansi@6.0.1"
        }
      },
      "yocto-queue@1.1.1": {
        "integrity": "sha512-b4JR1PFR10y1mKjhHY9LaGo6tmrgjit7hxVIeAmyMw3jegXR4dhYqLaQF5zMXZxY7tLpMyJeLjr1C4rLmkVe8g==",
        "dependencies": {}
      }
    }
  },
  "remote": {},
  "workspace": {
    "dependencies": [
      "jsr:@std/cli@^1.0.3",
      "jsr:@std/datetime@^0.224.4",
      "jsr:@std/path@^1.0.2"
    ]
  }
}
